
Microsoft Visual Studio Solution File, Format Version 12.00
# Visual Studio 2013
VisualStudioVersion = 12.0.30723.0
MinimumVisualStudioVersion = 10.0.40219.1
Project("{FAE04EC0-301F-11D3-BF4B-00C04F79EFBC}") = "InfraTabula", "InfraTabula\InfraTabula.csproj", "{FECFC97B-4C30-4120-834B-155C78C8CF7E}"
EndProject
Project("{FAE04EC0-301F-11D3-BF4B-00C04F79EFBC}") = "InfraTabula.Utils", "InfraTabula.Utils\InfraTabula.Utils.csproj", "{1EAA831F-7859-429A-8632-669450E840D6}"
EndProject
Project("{FAE04EC0-301F-11D3-BF4B-00C04F79EFBC}") = "InfraTabula.Xna", "InfraTabula.Xna\InfraTabula.Xna.csproj", "{3D6F4DF8-1F5E-4D8B-8692-8DF00B96D2CA}"
EndProject
Project("{FAE04EC0-301F-11D3-BF4B-00C04F79EFBC}") = "InfraTabula.Xna.Win", "InfraTabula.Xna.Win\InfraTabula.Xna.Win.csproj", "{B34D99C8-5B97-467F-B1CB-CF973FE5BF7F}"
EndProject
Project("{FAE04EC0-301F-11D3-BF4B-00C04F79EFBC}") = "InfraTabula.Xna.Content", "InfraTabula.Xna.Content\InfraTabula.Xna.Content.contentproj", "{D0D3E44D-9F29-422C-9DB9-BD1558428C52}"
EndProject
Global
	GlobalSection(SolutionConfigurationPlatforms) = preSolution
		Debug|Mixed Platforms = Debug|Mixed Platforms
		Debug|x86 = Debug|x86
		Debug|Xbox 360 = Debug|Xbox 360
		Release|Mixed Platforms = Release|Mixed Platforms
		Release|x86 = Release|x86
		Release|Xbox 360 = Release|Xbox 360
	EndGlobalSection
	GlobalSection(ProjectConfigurationPlatforms) = postSolution
		{FECFC97B-4C30-4120-834B-155C78C8CF7E}.Debug|Mixed Platforms.ActiveCfg = Debug|Any CPU
		{FECFC97B-4C30-4120-834B-155C78C8CF7E}.Debug|Mixed Platforms.Build.0 = Debug|Any CPU
		{FECFC97B-4C30-4120-834B-155C78C8CF7E}.Debug|x86.ActiveCfg = Debug|x86
		{FECFC97B-4C30-4120-834B-155C78C8CF7E}.Debug|x86.Build.0 = Debug|x86
		{FECFC97B-4C30-4120-834B-155C78C8CF7E}.Debug|Xbox 360.ActiveCfg = Debug|Any CPU
		{FECFC97B-4C30-4120-834B-155C78C8CF7E}.Release|Mixed Platforms.ActiveCfg = Release|Any CPU
		{FECFC97B-4C30-4120-834B-155C78C8CF7E}.Release|Mixed Platforms.Build.0 = Release|Any CPU
		{FECFC97B-4C30-4120-834B-155C78C8CF7E}.Release|x86.ActiveCfg = Release|x86
		{FECFC97B-4C30-4120-834B-155C78C8CF7E}.Release|x86.Build.0 = Release|x86
		{FECFC97B-4C30-4120-834B-155C78C8CF7E}.Release|Xbox 360.ActiveCfg = Release|Any CPU
		{1EAA831F-7859-429A-8632-669450E840D6}.Debug|Mixed Platforms.ActiveCfg = Debug|Any CPU
		{1EAA831F-7859-429A-8632-669450E840D6}.Debug|Mixed Platforms.Build.0 = Debug|Any CPU
		{1EAA831F-7859-429A-8632-669450E840D6}.Debug|x86.ActiveCfg = Debug|x86
		{1EAA831F-7859-429A-8632-669450E840D6}.Debug|x86.Build.0 = Debug|x86
		{1EAA831F-7859-429A-8632-669450E840D6}.Debug|Xbox 360.ActiveCfg = Debug|Any CPU
		{1EAA831F-7859-429A-8632-669450E840D6}.Release|Mixed Platforms.ActiveCfg = Release|Any CPU
		{1EAA831F-7859-429A-8632-669450E840D6}.Release|Mixed Platforms.Build.0 = Release|Any CPU
		{1EAA831F-7859-429A-8632-669450E840D6}.Release|x86.ActiveCfg = Release|x86
		{1EAA831F-7859-429A-8632-669450E840D6}.Release|x86.Build.0 = Release|x86
		{1EAA831F-7859-429A-8632-669450E840D6}.Release|Xbox 360.ActiveCfg = Release|Any CPU
		{3D6F4DF8-1F5E-4D8B-8692-8DF00B96D2CA}.Debug|Mixed Platforms.ActiveCfg = Debug|x86
		{3D6F4DF8-1F5E-4D8B-8692-8DF00B96D2CA}.Debug|Mixed Platforms.Build.0 = Debug|x86
		{3D6F4DF8-1F5E-4D8B-8692-8DF00B96D2CA}.Debug|x86.ActiveCfg = Debug|x86
		{3D6F4DF8-1F5E-4D8B-8692-8DF00B96D2CA}.Debug|x86.Build.0 = Debug|x86
		{3D6F4DF8-1F5E-4D8B-8692-8DF00B96D2CA}.Debug|Xbox 360.ActiveCfg = Debug|Any CPU
		{3D6F4DF8-1F5E-4D8B-8692-8DF00B96D2CA}.Release|Mixed Platforms.ActiveCfg = Release|x86
		{3D6F4DF8-1F5E-4D8B-8692-8DF00B96D2CA}.Release|Mixed Platforms.Build.0 = Release|x86
		{3D6F4DF8-1F5E-4D8B-8692-8DF00B96D2CA}.Release|x86.ActiveCfg = Release|x86
		{3D6F4DF8-1F5E-4D8B-8692-8DF00B96D2CA}.Release|x86.Build.0 = Release|x86
		{3D6F4DF8-1F5E-4D8B-8692-8DF00B96D2CA}.Release|Xbox 360.ActiveCfg = Release|Any CPU
		{B34D99C8-5B97-467F-B1CB-CF973FE5BF7F}.Debug|Mixed Platforms.ActiveCfg = Debug|x86
		{B34D99C8-5B97-467F-B1CB-CF973FE5BF7F}.Debug|Mixed Platforms.Build.0 = Debug|x86
		{B34D99C8-5B97-467F-B1CB-CF973FE5BF7F}.Debug|x86.ActiveCfg = Debug|x86
		{B34D99C8-5B97-467F-B1CB-CF973FE5BF7F}.Debug|x86.Build.0 = Debug|x86
		{B34D99C8-5B97-467F-B1CB-CF973FE5BF7F}.Debug|Xbox 360.ActiveCfg = Debug|x86
		{B34D99C8-5B97-467F-B1CB-CF973FE5BF7F}.Release|Mixed Platforms.ActiveCfg = Release|x86
		{B34D99C8-5B97-467F-B1CB-CF973FE5BF7F}.Release|Mixed Platforms.Build.0 = Release|x86
		{B34D99C8-5B97-467F-B1CB-CF973FE5BF7F}.Release|x86.ActiveCfg = Release|x86
		{B34D99C8-5B97-467F-B1CB-CF973FE5BF7F}.Release|x86.Build.0 = Release|x86
		{B34D99C8-5B97-467F-B1CB-CF973FE5BF7F}.Release|Xbox 360.ActiveCfg = Release|x86
		{D0D3E44D-9F29-422C-9DB9-BD1558428C52}.Debug|Mixed Platforms.ActiveCfg = Debug|x86
		{D0D3E44D-9F29-422C-9DB9-BD1558428C52}.Debug|x86.ActiveCfg = Debug|x86
		{D0D3E44D-9F29-422C-9DB9-BD1558428C52}.Debug|Xbox 360.ActiveCfg = Debug|x86
		{D0D3E44D-9F29-422C-9DB9-BD1558428C52}.Release|Mixed Platforms.ActiveCfg = Release|x86
		{D0D3E44D-9F29-422C-9DB9-BD1558428C52}.Release|x86.ActiveCfg = Release|x86
		{D0D3E44D-9F29-422C-9DB9-BD1558428C52}.Release|x86.Build.0 = Release|x86
		{D0D3E44D-9F29-422C-9DB9-BD1558428C52}.Release|Xbox 360.ActiveCfg = Release|x86
	EndGlobalSection
	GlobalSection(SolutionProperties) = preSolution
		HideSolutionNode = FALSE
	EndGlobalSection
EndGlobal
